
Microsoft Visual Studio Solution File, Format Version 12.00
Project("{2150E333-8FDC-42A3-9474-1A3956D46DE8}") = "src", "src", "{B6D4E0A2-59AF-4347-ABC2-B88C99DD46CE}"
EndProject
Project("{2150E333-8FDC-42A3-9474-1A3956D46DE8}") = "tests", "tests", "{A393636F-5F7F-4A4C-998E-836A2D928700}"
EndProject
Project("{FAE04EC0-301F-11D3-BF4B-00C04F79EFBC}") = "Wallet.Api", "src\Wallet.Api\Wallet.Api.csproj", "{B73579BB-1E1D-4AFE-95A7-175A6C133D37}"
EndProject
Project("{FAE04EC0-301F-11D3-BF4B-00C04F79EFBC}") = "Wallet.Application", "src\Wallet.Application\Wallet.Application.csproj", "{18EC8181-2B0D-408F-B6B1-45246AE2EAA7}"
EndProject
Project("{FAE04EC0-301F-11D3-BF4B-00C04F79EFBC}") = "Wallet.Infrastructure", "src\Wallet.Infrastructure\Wallet.Infrastructure.csproj", "{6D9FD92A-870E-4E44-8B2C-8A8F5EED8A3E}"
EndProject
Project("{FAE04EC0-301F-11D3-BF4B-00C04F79EFBC}") = "Wallet.UnitTests", "tests\Wallet.UnitTests\Wallet.UnitTests.csproj", "{904D66AF-40BD-4291-86CF-3C14CC0B2AF2}"
EndProject
Project("{FAE04EC0-301F-11D3-BF4B-00C04F79EFBC}") = "Wallet.IntegrationTests", "tests\Wallet.IntegrationTests\Wallet.IntegrationTests.csproj", "{5CDAEBA0-D052-420B-94C2-FCB64D3E46B1}"
EndProject
Project("{FAE04EC0-301F-11D3-BF4B-00C04F79EFBC}") = "Wallet.Contracts", "src\Wallet.Contracts\Wallet.Contracts.csproj", "{154477D5-F2F5-4EB2-A6DE-83F80EF85312}"
EndProject
Project("{FAE04EC0-301F-11D3-BF4B-00C04F79EFBC}") = "Wallet.Domain", "src\Wallet.Domain\Wallet.Domain.csproj", "{AD641544-DC5C-44DC-86A2-052EA2AC77A0}"
EndProject
Project("{FAE04EC0-301F-11D3-BF4B-00C04F79EFBC}") = "Wallet.Worker", "src\Wallet.Worker\Wallet.Worker.csproj", "{8566F96A-FFA1-4618-A6AA-21B4C7C3795E}"
EndProject
Project("{FAE04EC0-301F-11D3-BF4B-00C04F79EFBC}") = "Wallet.AcceptanceTests", "tests\Wallet.AcceptanceTests\Wallet.AcceptanceTests.csproj", "{4029ED63-B41E-4DE7-B6D8-EA28F4FA9201}"
EndProject
Global
	GlobalSection(SolutionConfigurationPlatforms) = preSolution
		Debug|Any CPU = Debug|Any CPU
		Release|Any CPU = Release|Any CPU
	EndGlobalSection
	GlobalSection(ProjectConfigurationPlatforms) = postSolution
		{B73579BB-1E1D-4AFE-95A7-175A6C133D37}.Debug|Any CPU.ActiveCfg = Debug|Any CPU
		{B73579BB-1E1D-4AFE-95A7-175A6C133D37}.Debug|Any CPU.Build.0 = Debug|Any CPU
		{B73579BB-1E1D-4AFE-95A7-175A6C133D37}.Release|Any CPU.ActiveCfg = Release|Any CPU
		{B73579BB-1E1D-4AFE-95A7-175A6C133D37}.Release|Any CPU.Build.0 = Release|Any CPU
		{18EC8181-2B0D-408F-B6B1-45246AE2EAA7}.Debug|Any CPU.ActiveCfg = Debug|Any CPU
		{18EC8181-2B0D-408F-B6B1-45246AE2EAA7}.Debug|Any CPU.Build.0 = Debug|Any CPU
		{18EC8181-2B0D-408F-B6B1-45246AE2EAA7}.Release|Any CPU.ActiveCfg = Release|Any CPU
		{18EC8181-2B0D-408F-B6B1-45246AE2EAA7}.Release|Any CPU.Build.0 = Release|Any CPU
		{6D9FD92A-870E-4E44-8B2C-8A8F5EED8A3E}.Debug|Any CPU.ActiveCfg = Debug|Any CPU
		{6D9FD92A-870E-4E44-8B2C-8A8F5EED8A3E}.Debug|Any CPU.Build.0 = Debug|Any CPU
		{6D9FD92A-870E-4E44-8B2C-8A8F5EED8A3E}.Release|Any CPU.ActiveCfg = Release|Any CPU
		{6D9FD92A-870E-4E44-8B2C-8A8F5EED8A3E}.Release|Any CPU.Build.0 = Release|Any CPU
		{904D66AF-40BD-4291-86CF-3C14CC0B2AF2}.Debug|Any CPU.ActiveCfg = Debug|Any CPU
		{904D66AF-40BD-4291-86CF-3C14CC0B2AF2}.Debug|Any CPU.Build.0 = Debug|Any CPU
		{904D66AF-40BD-4291-86CF-3C14CC0B2AF2}.Release|Any CPU.ActiveCfg = Release|Any CPU
		{904D66AF-40BD-4291-86CF-3C14CC0B2AF2}.Release|Any CPU.Build.0 = Release|Any CPU
		{5CDAEBA0-D052-420B-94C2-FCB64D3E46B1}.Debug|Any CPU.ActiveCfg = Debug|Any CPU
		{5CDAEBA0-D052-420B-94C2-FCB64D3E46B1}.Debug|Any CPU.Build.0 = Debug|Any CPU
		{5CDAEBA0-D052-420B-94C2-FCB64D3E46B1}.Release|Any CPU.ActiveCfg = Release|Any CPU
		{5CDAEBA0-D052-420B-94C2-FCB64D3E46B1}.Release|Any CPU.Build.0 = Release|Any CPU
		{154477D5-F2F5-4EB2-A6DE-83F80EF85312}.Debug|Any CPU.ActiveCfg = Debug|Any CPU
		{154477D5-F2F5-4EB2-A6DE-83F80EF85312}.Debug|Any CPU.Build.0 = Debug|Any CPU
		{154477D5-F2F5-4EB2-A6DE-83F80EF85312}.Release|Any CPU.ActiveCfg = Release|Any CPU
		{154477D5-F2F5-4EB2-A6DE-83F80EF85312}.Release|Any CPU.Build.0 = Release|Any CPU
		{AD641544-DC5C-44DC-86A2-052EA2AC77A0}.Debug|Any CPU.ActiveCfg = Debug|Any CPU
		{AD641544-DC5C-44DC-86A2-052EA2AC77A0}.Debug|Any CPU.Build.0 = Debug|Any CPU
		{AD641544-DC5C-44DC-86A2-052EA2AC77A0}.Release|Any CPU.ActiveCfg = Release|Any CPU
		{AD641544-DC5C-44DC-86A2-052EA2AC77A0}.Release|Any CPU.Build.0 = Release|Any CPU
		{8566F96A-FFA1-4618-A6AA-21B4C7C3795E}.Debug|Any CPU.ActiveCfg = Debug|Any CPU
		{8566F96A-FFA1-4618-A6AA-21B4C7C3795E}.Debug|Any CPU.Build.0 = Debug|Any CPU
		{8566F96A-FFA1-4618-A6AA-21B4C7C3795E}.Release|Any CPU.ActiveCfg = Release|Any CPU
		{8566F96A-FFA1-4618-A6AA-21B4C7C3795E}.Release|Any CPU.Build.0 = Release|Any CPU
		{4029ED63-B41E-4DE7-B6D8-EA28F4FA9201}.Debug|Any CPU.ActiveCfg = Debug|Any CPU
		{4029ED63-B41E-4DE7-B6D8-EA28F4FA9201}.Debug|Any CPU.Build.0 = Debug|Any CPU
		{4029ED63-B41E-4DE7-B6D8-EA28F4FA9201}.Release|Any CPU.ActiveCfg = Release|Any CPU
		{4029ED63-B41E-4DE7-B6D8-EA28F4FA9201}.Release|Any CPU.Build.0 = Release|Any CPU
	EndGlobalSection
	GlobalSection(SolutionProperties) = preSolution
		HideSolutionNode = FALSE
	EndGlobalSection
	GlobalSection(NestedProjects) = preSolution
		{B73579BB-1E1D-4AFE-95A7-175A6C133D37} = {B6D4E0A2-59AF-4347-ABC2-B88C99DD46CE}
		{18EC8181-2B0D-408F-B6B1-45246AE2EAA7} = {B6D4E0A2-59AF-4347-ABC2-B88C99DD46CE}
		{6D9FD92A-870E-4E44-8B2C-8A8F5EED8A3E} = {B6D4E0A2-59AF-4347-ABC2-B88C99DD46CE}
		{904D66AF-40BD-4291-86CF-3C14CC0B2AF2} = {A393636F-5F7F-4A4C-998E-836A2D928700}
		{5CDAEBA0-D052-420B-94C2-FCB64D3E46B1} = {A393636F-5F7F-4A4C-998E-836A2D928700}
		{154477D5-F2F5-4EB2-A6DE-83F80EF85312} = {B6D4E0A2-59AF-4347-ABC2-B88C99DD46CE}
		{AD641544-DC5C-44DC-86A2-052EA2AC77A0} = {B6D4E0A2-59AF-4347-ABC2-B88C99DD46CE}
		{8566F96A-FFA1-4618-A6AA-21B4C7C3795E} = {B6D4E0A2-59AF-4347-ABC2-B88C99DD46CE}
		{4029ED63-B41E-4DE7-B6D8-EA28F4FA9201} = {A393636F-5F7F-4A4C-998E-836A2D928700}
	EndGlobalSection
EndGlobal
